
Microsoft Visual Studio Solution File, Format Version 12.00
# Visual Studio 15
VisualStudioVersion = 15.0.27130.2024
MinimumVisualStudioVersion = 10.0.40219.1
Project("{FAE04EC0-301F-11D3-BF4B-00C04F79EFBC}") = "Wensy", "Wensy\Wensy.csproj", "{76929D7D-EB78-4E4B-9054-7FA673A41E71}"
EndProject
Global
	GlobalSection(SolutionConfigurationPlatforms) = preSolution
		Debug|Any CPU = Debug|Any CPU
		Demo|Any CPU = Demo|Any CPU
		Dev|Any CPU = Dev|Any CPU
		Live|Any CPU = Live|Any CPU
		Release|Any CPU = Release|Any CPU
	EndGlobalSection
	GlobalSection(ProjectConfigurationPlatforms) = postSolution
		{76929D7D-EB78-4E4B-9054-7FA673A41E71}.Debug|Any CPU.ActiveCfg = Debug|Any CPU
		{76929D7D-EB78-4E4B-9054-7FA673A41E71}.Debug|Any CPU.Build.0 = Debug|Any CPU
		{76929D7D-EB78-4E4B-9054-7FA673A41E71}.Demo|Any CPU.ActiveCfg = Demo|Any CPU
		{76929D7D-EB78-4E4B-9054-7FA673A41E71}.Demo|Any CPU.Build.0 = Demo|Any CPU
		{76929D7D-EB78-4E4B-9054-7FA673A41E71}.Dev|Any CPU.ActiveCfg = Dev|Any CPU
		{76929D7D-EB78-4E4B-9054-7FA673A41E71}.Dev|Any CPU.Build.0 = Dev|Any CPU
		{76929D7D-EB78-4E4B-9054-7FA673A41E71}.Dev|Any CPU.Deploy.0 = Dev|Any CPU
		{76929D7D-EB78-4E4B-9054-7FA673A41E71}.Live|Any CPU.ActiveCfg = Release|Any CPU
		{76929D7D-EB78-4E4B-9054-7FA673A41E71}.Live|Any CPU.Build.0 = Release|Any CPU
		{76929D7D-EB78-4E4B-9054-7FA673A41E71}.Release|Any CPU.ActiveCfg = Release|Any CPU
		{76929D7D-EB78-4E4B-9054-7FA673A41E71}.Release|Any CPU.Build.0 = Release|Any CPU
	EndGlobalSection
	GlobalSection(SolutionProperties) = preSolution
		HideSolutionNode = FALSE
	EndGlobalSection
	GlobalSection(ExtensibilityGlobals) = postSolution
		SolutionGuid = {48CCFF92-39C1-4016-853B-47112BD3B72D}
	EndGlobalSection
EndGlobal
